
Microsoft Visual Studio Solution File, Format Version 12.00
# Visual Studio Version 16
VisualStudioVersion = 16.0.31702.278
MinimumVisualStudioVersion = 10.0.40219.1
Project("{FAE04EC0-301F-11D3-BF4B-00C04F79EFBC}") = "CustomersApi", "CustomersApi\CustomersApi.csproj", "{4BD743F5-D29C-41C3-9E6C-EF777AE0F16B}"
EndProject
Global
	GlobalSection(SolutionConfigurationPlatforms) = preSolution
		Debug|Any CPU = Debug|Any CPU
		Release|Any CPU = Release|Any CPU
	EndGlobalSection
	GlobalSection(ProjectConfigurationPlatforms) = postSolution
		{4BD743F5-D29C-41C3-9E6C-EF777AE0F16B}.Debug|Any CPU.ActiveCfg = Debug|Any CPU
		{4BD743F5-D29C-41C3-9E6C-EF777AE0F16B}.Debug|Any CPU.Build.0 = Debug|Any CPU
		{4BD743F5-D29C-41C3-9E6C-EF777AE0F16B}.Release|Any CPU.ActiveCfg = Release|Any CPU
		{4BD743F5-D29C-41C3-9E6C-EF777AE0F16B}.Release|Any CPU.Build.0 = Release|Any CPU
	EndGlobalSection
	GlobalSection(SolutionProperties) = preSolution
		HideSolutionNode = FALSE
	EndGlobalSection
	GlobalSection(ExtensibilityGlobals) = postSolution
		SolutionGuid = {5DF48619-BDED-4CA4-A023-1A7D818BF1ED}
	EndGlobalSection
EndGlobal
